PODS:
  - banuba_sdk (2.1.0):
    - BNBAcneEyebagsRemoval (= 1.11.1)
    - BNBBackground (= 1.11.1)
    - BNBBody (= 1.11.1)
    - BNBEffectPlayer (= 1.11.1)
    - BNBEyes (= 1.11.1)
    - BNBFaceTracker (= 1.11.1)
    - BNBFaceTrackerLite (= 1.11.1)
    - BNBHair (= 1.11.1)
    - BNBHands (= 1.11.1)
    - BNBLips (= 1.11.1)
    - BNBNeurobeautyMakeup (= 1.11.1)
    - BNBOcclusion (= 1.11.1)
    - BNBScripting (= 1.11.1)
    - BNBSdkApi (= 1.11.1)
    - BNBSdkCore (= 1.11.1)
    - BNBSkin (= 1.11.1)
    - BNBWatch (= 1.11.1)
    - Flutter
  - BNBAcneEyebagsRemoval (1.11.1):
    - BNBEffectPlayer (= 1.11.1)
    - BNBFaceTracker (= 1.11.1)
    - BNBScripting (= 1.11.1)
    - BNBSdkCore (= 1.11.1)
  - BNBBackground (1.11.1):
    - BNBEffectPlayer (= 1.11.1)
    - BNBScripting (= 1.11.1)
    - BNBSdkCore (= 1.11.1)
  - BNBBody (1.11.1):
    - BNBEffectPlayer (= 1.11.1)
    - BNBScripting (= 1.11.1)
    - BNBSdkCore (= 1.11.1)
  - BNBEffectPlayer (1.11.1)
  - BNBEyes (1.11.1):
    - BNBEffectPlayer (= 1.11.1)
    - BNBFaceTracker (= 1.11.1)
    - BNBScripting (= 1.11.1)
    - BNBSdkCore (= 1.11.1)
  - BNBFaceTracker (1.11.1):
    - BNBEffectPlayer (= 1.11.1)
    - BNBScripting (= 1.11.1)
    - BNBSdkCore (= 1.11.1)
  - BNBFaceTrackerLite (1.11.1):
    - BNBEffectPlayer (= 1.11.1)
    - BNBScripting (= 1.11.1)
    - BNBSdkCore (= 1.11.1)
  - BNBHair (1.11.1):
    - BNBEffectPlayer (= 1.11.1)
    - BNBScripting (= 1.11.1)
    - BNBSdkCore (= 1.11.1)
  - BNBHands (1.11.1):
    - BNBEffectPlayer (= 1.11.1)
    - BNBScripting (= 1.11.1)
    - BNBSdkCore (= 1.11.1)
  - BNBLips (1.11.1):
    - BNBEffectPlayer (= 1.11.1)
    - BNBFaceTracker (= 1.11.1)
    - BNBScripting (= 1.11.1)
    - BNBSdkCore (= 1.11.1)
  - BNBNeurobeautyMakeup (1.11.1):
    - BNBEffectPlayer (= 1.11.1)
    - BNBFaceTracker (= 1.11.1)
    - BNBScripting (= 1.11.1)
    - BNBSdkCore (= 1.11.1)
  - BNBOcclusion (1.11.1):
    - BNBEffectPlayer (= 1.11.1)
    - BNBFaceTracker (= 1.11.1)
    - BNBScripting (= 1.11.1)
    - BNBSdkCore (= 1.11.1)
  - BNBScripting (1.11.1)
  - BNBSdkApi (1.11.1):
    - BNBSdkCore (= 1.11.1)
  - BNBSdkCore (1.11.1)
  - BNBSkin (1.11.1):
    - BNBEffectPlayer (= 1.11.1)
    - BNBScripting (= 1.11.1)
    - BNBSdkCore (= 1.11.1)
  - BNBWatch (1.11.1):
    - BNBEffectPlayer (= 1.11.1)
    - BNBScripting (= 1.11.1)
    - BNBSdkCore (= 1.11.1)
  - Flutter (1.0.0)
  - fluttertoast (0.0.2):
    - Flutter
    - Toast
  - image_picker_ios (0.0.1):
    - Flutter
  - path_provider_foundation (0.0.1):
    - Flutter
    - FlutterMacOS
  - permission_handler_apple (9.3.0):
    - Flutter
  - Toast (4.1.1)

DEPENDENCIES:
  - banuba_sdk (from `.symlinks/plugins/banuba_sdk/ios`)
  - Flutter (from `Flutter`)
  - fluttertoast (from `.symlinks/plugins/fluttertoast/ios`)
  - image_picker_ios (from `.symlinks/plugins/image_picker_ios/ios`)
  - path_provider_foundation (from `.symlinks/plugins/path_provider_foundation/darwin`)
  - permission_handler_apple (from `.symlinks/plugins/permission_handler_apple/ios`)

SPEC REPOS:
  https://github.com/CocoaPods/Specs.git:
    - Toast
  https://github.com/sdk-banuba/banuba-sdk-podspecs.git:
    - BNBAcneEyebagsRemoval
    - BNBBackground
    - BNBBody
    - BNBEffectPlayer
    - BNBEyes
    - BNBFaceTracker
    - BNBFaceTrackerLite
    - BNBHair
    - BNBHands
    - BNBLips
    - BNBNeurobeautyMakeup
    - BNBOcclusion
    - BNBScripting
    - BNBSdkApi
    - BNBSdkCore
    - BNBSkin
    - BNBWatch

EXTERNAL SOURCES:
  banuba_sdk:
    :path: ".symlinks/plugins/banuba_sdk/ios"
  Flutter:
    :path: Flutter
  fluttertoast:
    :path: ".symlinks/plugins/fluttertoast/ios"
  image_picker_ios:
    :path: ".symlinks/plugins/image_picker_ios/ios"
  path_provider_foundation:
    :path: ".symlinks/plugins/path_provider_foundation/darwin"
  permission_handler_apple:
    :path: ".symlinks/plugins/permission_handler_apple/ios"

SPEC CHECKSUMS:
  banuba_sdk: c246f7e330f57468257e0d13c12e266ef1bf89f4
  BNBAcneEyebagsRemoval: 218e32793ede74415065697f760eced13d00c66a
  BNBBackground: 37755c46b007dab0341d6ae7f989758b35abf660
  BNBBody: 29bee18d7434242ed35ad9c0df318cf675abeb4c
  BNBEffectPlayer: 5854b7c615c715e561a1fb8296a60b84c50fa34e
  BNBEyes: 8c85cdcdbccff1aa85e78ad0bac80b88f26306fa
  BNBFaceTracker: 7b88843bd8a0c3d3d65113fcdfa1f6377d52ad96
  BNBFaceTrackerLite: c7704652434f0d1acc32fb59f02da484840dc6d5
  BNBHair: 5a9948932bc5e7a2c7a71effc074095158739c1c
  BNBHands: 0ae0cb45f3c4dad26b6ca5f62fccc588f2c597de
  BNBLips: 04a3e6538e51e924d66c002c0b2c9f09dc0b4a37
  BNBNeurobeautyMakeup: a76144a6c25dbed422e3d99c624516dd40f52da0
  BNBOcclusion: 19d7ea456c114d805d51bf01dc49a30a4dc3d4d6
  BNBScripting: ea746d5318f2c6387e57965e94ff6f64d3baebc2
  BNBSdkApi: 9d4d0060113a77543a84a485623f34dabd2f21dc
  BNBSdkCore: 7864b34b64787c5dbed9dfcb8de62778e20ca8a2
  BNBSkin: 80059321bf8084ded5427fb2ab6430580eba410d
  BNBWatch: f908d42278fcea036761f65e8b59be20db35f766
  Flutter: e0871f40cf51350855a761d2e70bf5af5b9b5de7
  fluttertoast: 9f2f8e81bb5ce18facb9748d7855bf5a756fe3db
  image_picker_ios: b545a5f16c0fa88e3ecbbce3ed4de45567a8ec18
  path_provider_foundation: 3784922295ac71e43754bd15e0653ccfd36a147c
  permission_handler_apple: 9878588469a2b0d0fc1e048d9f43605f92e6cec2
  Toast: 1f5ea13423a1e6674c4abdac5be53587ae481c4e

PODFILE CHECKSUM: b709fe4e441f0ba152e11b8804a009d0f948b49a

COCOAPODS: 1.15.2
